
Microsoft Visual Studio Solution File, Format Version 12.00
# Visual Studio Version 17
VisualStudioVersion = 17.3.32929.385
MinimumVisualStudioVersion = 10.0.40219.1
Project("{FAE04EC0-301F-11D3-BF4B-00C04F79EFBC}") = "TryAsmByteRun", "TryAsmByteRun\TryAsmByteRun.csproj", "{49E71A25-FD17-47C5-86B9-55B2F73F39A9}"
EndProject
Global
	GlobalSection(SolutionConfigurationPlatforms) = preSolution
		Debug|Any CPU = Debug|Any CPU
		Release|Any CPU = Release|Any CPU
	EndGlobalSection
	GlobalSection(ProjectConfigurationPlatforms) = postSolution
		{49E71A25-FD17-47C5-86B9-55B2F73F39A9}.Debug|Any CPU.ActiveCfg = Debug|Any CPU
		{49E71A25-FD17-47C5-86B9-55B2F73F39A9}.Debug|Any CPU.Build.0 = Debug|Any CPU
		{49E71A25-FD17-47C5-86B9-55B2F73F39A9}.Release|Any CPU.ActiveCfg = Release|Any CPU
		{49E71A25-FD17-47C5-86B9-55B2F73F39A9}.Release|Any CPU.Build.0 = Release|Any CPU
	EndGlobalSection
	GlobalSection(SolutionProperties) = preSolution
		HideSolutionNode = FALSE
	EndGlobalSection
	GlobalSection(ExtensibilityGlobals) = postSolution
		SolutionGuid = {D9963BA2-0C06-4FFA-BAC3-AA62CB44FD3E}
	EndGlobalSection
EndGlobal
